
Microsoft Visual Studio Solution File, Format Version 12.00
# Visual Studio Version 16
VisualStudioVersion = 16.0.30503.244
MinimumVisualStudioVersion = 10.0.40219.1
Project("{FAE04EC0-301F-11D3-BF4B-00C04F79EFBC}") = "WindowsFormsApp1", "WindowsFormsApp1\WindowsFormsApp1.csproj", "{8FA47EF1-1C87-47AA-8298-3D3007E6B3D8}"
EndProject
Global
	GlobalSection(SolutionConfigurationPlatforms) = preSolution
		Debug|Any CPU = Debug|Any CPU
		Release|Any CPU = Release|Any CPU
	EndGlobalSection
	GlobalSection(ProjectConfigurationPlatforms) = postSolution
		{8FA47EF1-1C87-47AA-8298-3D3007E6B3D8}.Debug|Any CPU.ActiveCfg = Debug|Any CPU
		{8FA47EF1-1C87-47AA-8298-3D3007E6B3D8}.Debug|Any CPU.Build.0 = Debug|Any CPU
		{8FA47EF1-1C87-47AA-8298-3D3007E6B3D8}.Release|Any CPU.ActiveCfg = Release|Any CPU
		{8FA47EF1-1C87-47AA-8298-3D3007E6B3D8}.Release|Any CPU.Build.0 = Release|Any CPU
	EndGlobalSection
	GlobalSection(SolutionProperties) = preSolution
		HideSolutionNode = FALSE
	EndGlobalSection
	GlobalSection(ExtensibilityGlobals) = postSolution
		SolutionGuid = {6EF0708C-14F4-495D-86BF-60632DB6B8D9}
	EndGlobalSection
EndGlobal
